
Microsoft Visual Studio Solution File, Format Version 12.00
# Visual Studio 14
VisualStudioVersion = 14.0.25420.1
MinimumVisualStudioVersion = 10.0.40219.1
Project("{FAE04EC0-301F-11D3-BF4B-00C04F79EFBC}") = "MultiPlug.Ext.IFTTT", "MultiPlug.Ext.IFTTT\MultiPlug.Ext.IFTTT.csproj", "{EB49A72A-1164-4C08-8855-2D54FDF27A56}"
EndProject
Global
	GlobalSection(SolutionConfigurationPlatforms) = preSolution
		Debug|Any CPU = Debug|Any CPU
		Release|Any CPU = Release|Any CPU
	EndGlobalSection
	GlobalSection(ProjectConfigurationPlatforms) = postSolution
		{EB49A72A-1164-4C08-8855-2D54FDF27A56}.Debug|Any CPU.ActiveCfg = Debug|Any CPU
		{EB49A72A-1164-4C08-8855-2D54FDF27A56}.Debug|Any CPU.Build.0 = Debug|Any CPU
		{EB49A72A-1164-4C08-8855-2D54FDF27A56}.Release|Any CPU.ActiveCfg = Release|Any CPU
		{EB49A72A-1164-4C08-8855-2D54FDF27A56}.Release|Any CPU.Build.0 = Release|Any CPU
	EndGlobalSection
	GlobalSection(SolutionProperties) = preSolution
		HideSolutionNode = FALSE
	EndGlobalSection
EndGlobal
